{
  "name": "taiko-coverage-explorer",
  "version": "0.1.0",
  "lockfileVersion": 1,
  "requires": true,
  "dependencies": {
    "taiko-coverage": {
      "version": "github:thirstyhead/taiko-coverage#e442b07e6146f5d9a28e9c10c24ac55827aa92b2",
      "from": "github:thirstyhead/taiko-coverage",
      "dev": true
    }
  }
}
